# THIS IS AN AUTOGENERATED FILE. DO NOT EDIT THIS FILE DIRECTLY.
# yarn lockfile v1


"@fortawesome/fontawesome-common-types@^0.2.30":
  version "0.2.30"
  resolved "https://registry.yarnpkg.com/@fortawesome/fontawesome-common-types/-/fontawesome-common-types-0.2.30.tgz#2f1cc5b46bd76723be41d0013a8450c9ba92b777"
  integrity sha512-TsRwpTuKwFNiPhk1UfKgw7zNPeV5RhNp2Uw3pws+9gDAkPGKrtjR1y2lI3SYn7+YzyfuNknflpBA1LRKjt7hMg==

"@fortawesome/fontawesome-svg-core@^1.2.30":
  version "1.2.30"
  resolved "https://registry.yarnpkg.com/@fortawesome/fontawesome-svg-core/-/fontawesome-svg-core-1.2.30.tgz#f56dc6791861fe5d1af04fb8abddb94658c576db"
  integrity sha512-E3sAXATKCSVnT17HYmZjjbcmwihrNOCkoU7dVMlasrcwiJAHxSKeZ+4WN5O+ElgO/FaYgJmASl8p9N7/B/RttA==
  dependencies:
    "@fortawesome/fontawesome-common-types" "^0.2.30"

"@fortawesome/free-brands-svg-icons@^5.14.0":
  version "5.14.0"
  resolved "https://registry.yarnpkg.com/@fortawesome/free-brands-svg-icons/-/free-brands-svg-icons-5.14.0.tgz#98555518ba41bdff82fbae2f4d1bc36cd3b1c043"
  integrity sha512-WsqPFTvJFI7MYkcy0jeFE2zY+blC4OrnB9MJOcn1NxRXT/sSfEEhrI7CwzIkiYajLiVDBKWeErYOvpsMeodmCQ==
  dependencies:
    "@fortawesome/fontawesome-common-types" "^0.2.30"

"@fortawesome/free-solid-svg-icons@^5.14.0":
  version "5.14.0"
  resolved "https://registry.yarnpkg.com/@fortawesome/free-solid-svg-icons/-/free-solid-svg-icons-5.14.0.tgz#970453f5e8c4915ad57856c3a0252ac63f6fec18"
  integrity sha512-M933RDM8cecaKMWDSk3FRYdnzWGW7kBBlGNGfvqLVwcwhUPNj9gcw+xZMrqBdRqxnSXdl3zWzTCNNGEtFUq67Q==
  dependencies:
    "@fortawesome/fontawesome-common-types" "^0.2.30"

"@fortawesome/vue-fontawesome@^2.0.0":
  version "2.0.0"
  resolved "https://registry.yarnpkg.com/@fortawesome/vue-fontawesome/-/vue-fontawesome-2.0.0.tgz#63da3e459147cebb0a8d58eed81d6071db9f5973"
  integrity sha512-N3VKw7KzRfOm8hShUVldpinlm13HpvLBQgT63QS+aCrIRLwjoEUXY5Rcmttbfb6HkzZaeqjLqd/aZCQ53UjQpg==

vue-router@^3.4.3:
  version "3.4.3"
  resolved "https://registry.yarnpkg.com/vue-router/-/vue-router-3.4.3.tgz#fa93768616ee338aa174f160ac965167fa572ffa"
  integrity sha512-BADg1mjGWX18Dpmy6bOGzGNnk7B/ZA0RxuA6qedY/YJwirMfKXIDzcccmHbQI0A6k5PzMdMloc0ElHfyOoX35A==
